
Microsoft Visual Studio Solution File, Format Version 12.00
# Visual Studio Version 17
VisualStudioVersion = 17.7.34221.43
MinimumVisualStudioVersion = 10.0.40219.1
Project("{FAE04EC0-301F-11D3-BF4B-00C04F79EFBC}") = "BookStore.Server", "BookStore.Server\BookStore.Server.csproj", "{A9EFE850-08F3-4ACC-B2B6-E6A1B5FE6D8F}"
EndProject
Global
	GlobalSection(SolutionConfigurationPlatforms) = preSolution
		Debug|Any CPU = Debug|Any CPU
		Release|Any CPU = Release|Any CPU
	EndGlobalSection
	GlobalSection(ProjectConfigurationPlatforms) = postSolution
		{A9EFE850-08F3-4ACC-B2B6-E6A1B5FE6D8F}.Debug|Any CPU.ActiveCfg = Debug|Any CPU
		{A9EFE850-08F3-4ACC-B2B6-E6A1B5FE6D8F}.Debug|Any CPU.Build.0 = Debug|Any CPU
		{A9EFE850-08F3-4ACC-B2B6-E6A1B5FE6D8F}.Release|Any CPU.ActiveCfg = Release|Any CPU
		{A9EFE850-08F3-4ACC-B2B6-E6A1B5FE6D8F}.Release|Any CPU.Build.0 = Release|Any CPU
	EndGlobalSection
	GlobalSection(SolutionProperties) = preSolution
		HideSolutionNode = FALSE
	EndGlobalSection
	GlobalSection(ExtensibilityGlobals) = postSolution
		SolutionGuid = {8BC2F557-8492-42FC-BCBC-9903BD1ACD0E}
	EndGlobalSection
EndGlobal
